github.com/umenosuke/labelinglog v1.1.1 h1:Ccs2zL23Pchdm4eF4X82c2Ew4baBvNm3zkQZNznviGA=
github.com/umenosuke/labelinglog v1.1.1/go.mod h1:q9jg3mj63lgpX7jC69hpOKNK3NYRjjv4WDS2xPwSTDw=
golang.org/x/net v0.7.0 h1:rJrUqqhjsgNp7KqAIc25s9pZnjU7TUcSY7HcVZjdn1g=
golang.org/x/net v0.7.0/go.mod h1:2Tu9+aMcznHK/AK1HMvgo6xiTLG5rD5rZLDS+rp2Bjs=
golang.org/x/sys v0.6.0 h1:MVltZSvRTcU2ljQOhs94SXPftV6DCNnZViHeQps87pQ=
golang.org/x/sys v0.6.0/go.mod h1:oPkhp1MJrh7nUepCBck5+mAzfO9JrbApNNgaTdGDITg=
